
Microsoft Visual Studio Solution File, Format Version 12.00
# Visual Studio Version 17
VisualStudioVersion = 17.8.34601.278
MinimumVisualStudioVersion = 10.0.40219.1
Project("{FAE04EC0-301F-11D3-BF4B-00C04F79EFBC}") = "Lab3Console", "Lab3Console\Lab3Console.csproj", "{CF83ADAA-F521-4AC5-BEDD-C8A9E3EBE0F0}"
EndProject
Global
	GlobalSection(SolutionConfigurationPlatforms) = preSolution
		Debug|Any CPU = Debug|Any CPU
		Release|Any CPU = Release|Any CPU
	EndGlobalSection
	GlobalSection(ProjectConfigurationPlatforms) = postSolution
		{CF83ADAA-F521-4AC5-BEDD-C8A9E3EBE0F0}.Debug|Any CPU.ActiveCfg = Debug|Any CPU
		{CF83ADAA-F521-4AC5-BEDD-C8A9E3EBE0F0}.Debug|Any CPU.Build.0 = Debug|Any CPU
		{CF83ADAA-F521-4AC5-BEDD-C8A9E3EBE0F0}.Release|Any CPU.ActiveCfg = Release|Any CPU
		{CF83ADAA-F521-4AC5-BEDD-C8A9E3EBE0F0}.Release|Any CPU.Build.0 = Release|Any CPU
	EndGlobalSection
	GlobalSection(SolutionProperties) = preSolution
		HideSolutionNode = FALSE
	EndGlobalSection
	GlobalSection(ExtensibilityGlobals) = postSolution
		SolutionGuid = {A6148411-7284-4CE8-A271-A729FA06267B}
	EndGlobalSection
EndGlobal
